
Microsoft Visual Studio Solution File, Format Version 12.00
# Visual Studio Version 17
VisualStudioVersion = 17.4.33103.184
MinimumVisualStudioVersion = 10.0.40219.1
Project("{8BC9CEB8-8B4A-11D0-8D11-00A0C91BC942}") = "cpp_02_Draw", "cpp_02_Draw\cpp_02_Draw.vcxproj", "{CCCFA09B-6105-4C49-971F-2F155FDB9287}"
EndProject
Project("{8BC9CEB8-8B4A-11D0-8D11-00A0C91BC942}") = "cpp_01_Text", "cpp_01_Text\cpp_ex.vcxproj", "{1954ED4B-D2AC-4956-84C1-5C80F41C4D96}"
EndProject
Project("{8BC9CEB8-8B4A-11D0-8D11-00A0C91BC942}") = "cpp_03_Message", "cpp_03_Message\cpp_03_Message.vcxproj", "{809FD43B-2E63-4597-9CC6-5EBF0660A7EB}"
EndProject
Project("{8BC9CEB8-8B4A-11D0-8D11-00A0C91BC942}") = "cpp_04_Mouse", "cpp_04_Mouse\cpp_04_Mouse.vcxproj", "{26FE2F06-C399-4DD4-9CFC-E7DD256014CF}"
EndProject
Project("{8BC9CEB8-8B4A-11D0-8D11-00A0C91BC942}") = "cpp_05_Line", "cpp_05_Line\cpp_05_Line.vcxproj", "{35A15815-1FD7-4627-B9C1-9E324D9EE318}"
EndProject
Project("{8BC9CEB8-8B4A-11D0-8D11-00A0C91BC942}") = "cpp_06_Circle", "cpp_06_Circle\cpp_06_Circle.vcxproj", "{E7282555-D0EB-41AD-8A17-71EDB5ADDB64}"
EndProject
Project("{8BC9CEB8-8B4A-11D0-8D11-00A0C91BC942}") = "cpp_07_Menu", "cpp_07_Menu\cpp_07_Menu.vcxproj", "{63C4786B-8E1A-44F4-9A7C-0AA1AE7B9BCF}"
EndProject
Project("{8BC9CEB8-8B4A-11D0-8D11-00A0C91BC942}") = "cpp_08_BitMap", "cpp_08_BitMap\cpp_08_BitMap.vcxproj", "{C6FDB522-5A3A-463B-966B-833BA758FDE8}"
EndProject
Project("{8BC9CEB8-8B4A-11D0-8D11-00A0C91BC942}") = "cpp_09_DialogBox", "cpp_09_DialogBox\cpp_09_DialogBox.vcxproj", "{7566A9E8-AD0A-4457-B290-4F0C0E28CC89}"
EndProject
Project("{8BC9CEB8-8B4A-11D0-8D11-00A0C91BC942}") = "cpp_10_MDI", "cpp_10_MDI\cpp_10_MDI.vcxproj", "{6B45A903-93F7-4AED-B4AB-90DD18672881}"
EndProject
Global
	GlobalSection(SolutionConfigurationPlatforms) = preSolution
		Debug|x64 = Debug|x64
		Debug|x86 = Debug|x86
		Release|x64 = Release|x64
		Release|x86 = Release|x86
	EndGlobalSection
	GlobalSection(ProjectConfigurationPlatforms) = postSolution
		{CCCFA09B-6105-4C49-971F-2F155FDB9287}.Debug|x64.ActiveCfg = Debug|x64
		{CCCFA09B-6105-4C49-971F-2F155FDB9287}.Debug|x64.Build.0 = Debug|x64
		{CCCFA09B-6105-4C49-971F-2F155FDB9287}.Debug|x86.ActiveCfg = Debug|Win32
		{CCCFA09B-6105-4C49-971F-2F155FDB9287}.Debug|x86.Build.0 = Debug|Win32
		{CCCFA09B-6105-4C49-971F-2F155FDB9287}.Release|x64.ActiveCfg = Release|x64
		{CCCFA09B-6105-4C49-971F-2F155FDB9287}.Release|x64.Build.0 = Release|x64
		{CCCFA09B-6105-4C49-971F-2F155FDB9287}.Release|x86.ActiveCfg = Release|Win32
		{CCCFA09B-6105-4C49-971F-2F155FDB9287}.Release|x86.Build.0 = Release|Win32
		{1954ED4B-D2AC-4956-84C1-5C80F41C4D96}.Debug|x64.ActiveCfg = Debug|x64
		{1954ED4B-D2AC-4956-84C1-5C80F41C4D96}.Debug|x64.Build.0 = Debug|x64
		{1954ED4B-D2AC-4956-84C1-5C80F41C4D96}.Debug|x86.ActiveCfg = Debug|Win32
		{1954ED4B-D2AC-4956-84C1-5C80F41C4D96}.Debug|x86.Build.0 = Debug|Win32
		{1954ED4B-D2AC-4956-84C1-5C80F41C4D96}.Release|x64.ActiveCfg = Release|x64
		{1954ED4B-D2AC-4956-84C1-5C80F41C4D96}.Release|x64.Build.0 = Release|x64
		{1954ED4B-D2AC-4956-84C1-5C80F41C4D96}.Release|x86.ActiveCfg = Release|Win32
		{1954ED4B-D2AC-4956-84C1-5C80F41C4D96}.Release|x86.Build.0 = Release|Win32
		{809FD43B-2E63-4597-9CC6-5EBF0660A7EB}.Debug|x64.ActiveCfg = Debug|x64
		{809FD43B-2E63-4597-9CC6-5EBF0660A7EB}.Debug|x64.Build.0 = Debug|x64
		{809FD43B-2E63-4597-9CC6-5EBF0660A7EB}.Debug|x86.ActiveCfg = Debug|Win32
		{809FD43B-2E63-4597-9CC6-5EBF0660A7EB}.Debug|x86.Build.0 = Debug|Win32
		{809FD43B-2E63-4597-9CC6-5EBF0660A7EB}.Release|x64.ActiveCfg = Release|x64
		{809FD43B-2E63-4597-9CC6-5EBF0660A7EB}.Release|x64.Build.0 = Release|x64
		{809FD43B-2E63-4597-9CC6-5EBF0660A7EB}.Release|x86.ActiveCfg = Release|Win32
		{809FD43B-2E63-4597-9CC6-5EBF0660A7EB}.Release|x86.Build.0 = Release|Win32
		{26FE2F06-C399-4DD4-9CFC-E7DD256014CF}.Debug|x64.ActiveCfg = Debug|x64
		{26FE2F06-C399-4DD4-9CFC-E7DD256014CF}.Debug|x64.Build.0 = Debug|x64
		{26FE2F06-C399-4DD4-9CFC-E7DD256014CF}.Debug|x86.ActiveCfg = Debug|Win32
		{26FE2F06-C399-4DD4-9CFC-E7DD256014CF}.Debug|x86.Build.0 = Debug|Win32
		{26FE2F06-C399-4DD4-9CFC-E7DD256014CF}.Release|x64.ActiveCfg = Release|x64
		{26FE2F06-C399-4DD4-9CFC-E7DD256014CF}.Release|x64.Build.0 = Release|x64
		{26FE2F06-C399-4DD4-9CFC-E7DD256014CF}.Release|x86.ActiveCfg = Release|Win32
		{26FE2F06-C399-4DD4-9CFC-E7DD256014CF}.Release|x86.Build.0 = Release|Win32
		{35A15815-1FD7-4627-B9C1-9E324D9EE318}.Debug|x64.ActiveCfg = Debug|x64
		{35A15815-1FD7-4627-B9C1-9E324D9EE318}.Debug|x64.Build.0 = Debug|x64
		{35A15815-1FD7-4627-B9C1-9E324D9EE318}.Debug|x86.ActiveCfg = Debug|Win32
		{35A15815-1FD7-4627-B9C1-9E324D9EE318}.Debug|x86.Build.0 = Debug|Win32
		{35A15815-1FD7-4627-B9C1-9E324D9EE318}.Release|x64.ActiveCfg = Release|x64
		{35A15815-1FD7-4627-B9C1-9E324D9EE318}.Release|x64.Build.0 = Release|x64
		{35A15815-1FD7-4627-B9C1-9E324D9EE318}.Release|x86.ActiveCfg = Release|Win32
		{35A15815-1FD7-4627-B9C1-9E324D9EE318}.Release|x86.Build.0 = Release|Win32
		{E7282555-D0EB-41AD-8A17-71EDB5ADDB64}.Debug|x64.ActiveCfg = Debug|x64
		{E7282555-D0EB-41AD-8A17-71EDB5ADDB64}.Debug|x64.Build.0 = Debug|x64
		{E7282555-D0EB-41AD-8A17-71EDB5ADDB64}.Debug|x86.ActiveCfg = Debug|Win32
		{E7282555-D0EB-41AD-8A17-71EDB5ADDB64}.Debug|x86.Build.0 = Debug|Win32
		{E7282555-D0EB-41AD-8A17-71EDB5ADDB64}.Release|x64.ActiveCfg = Release|x64
		{E7282555-D0EB-41AD-8A17-71EDB5ADDB64}.Release|x64.Build.0 = Release|x64
		{E7282555-D0EB-41AD-8A17-71EDB5ADDB64}.Release|x86.ActiveCfg = Release|Win32
		{E7282555-D0EB-41AD-8A17-71EDB5ADDB64}.Release|x86.Build.0 = Release|Win32
		{63C4786B-8E1A-44F4-9A7C-0AA1AE7B9BCF}.Debug|x64.ActiveCfg = Debug|x64
		{63C4786B-8E1A-44F4-9A7C-0AA1AE7B9BCF}.Debug|x64.Build.0 = Debug|x64
		{63C4786B-8E1A-44F4-9A7C-0AA1AE7B9BCF}.Debug|x86.ActiveCfg = Debug|Win32
		{63C4786B-8E1A-44F4-9A7C-0AA1AE7B9BCF}.Debug|x86.Build.0 = Debug|Win32
		{63C4786B-8E1A-44F4-9A7C-0AA1AE7B9BCF}.Release|x64.ActiveCfg = Release|x64
		{63C4786B-8E1A-44F4-9A7C-0AA1AE7B9BCF}.Release|x64.Build.0 = Release|x64
		{63C4786B-8E1A-44F4-9A7C-0AA1AE7B9BCF}.Release|x86.ActiveCfg = Release|Win32
		{63C4786B-8E1A-44F4-9A7C-0AA1AE7B9BCF}.Release|x86.Build.0 = Release|Win32
		{C6FDB522-5A3A-463B-966B-833BA758FDE8}.Debug|x64.ActiveCfg = Debug|x64
		{C6FDB522-5A3A-463B-966B-833BA758FDE8}.Debug|x64.Build.0 = Debug|x64
		{C6FDB522-5A3A-463B-966B-833BA758FDE8}.Debug|x86.ActiveCfg = Debug|Win32
		{C6FDB522-5A3A-463B-966B-833BA758FDE8}.Debug|x86.Build.0 = Debug|Win32
		{C6FDB522-5A3A-463B-966B-833BA758FDE8}.Release|x64.ActiveCfg = Release|x64
		{C6FDB522-5A3A-463B-966B-833BA758FDE8}.Release|x64.Build.0 = Release|x64
		{C6FDB522-5A3A-463B-966B-833BA758FDE8}.Release|x86.ActiveCfg = Release|Win32
		{C6FDB522-5A3A-463B-966B-833BA758FDE8}.Release|x86.Build.0 = Release|Win32
		{7566A9E8-AD0A-4457-B290-4F0C0E28CC89}.Debug|x64.ActiveCfg = Debug|x64
		{7566A9E8-AD0A-4457-B290-4F0C0E28CC89}.Debug|x64.Build.0 = Debug|x64
		{7566A9E8-AD0A-4457-B290-4F0C0E28CC89}.Debug|x86.ActiveCfg = Debug|Win32
		{7566A9E8-AD0A-4457-B290-4F0C0E28CC89}.Debug|x86.Build.0 = Debug|Win32
		{7566A9E8-AD0A-4457-B290-4F0C0E28CC89}.Release|x64.ActiveCfg = Release|x64
		{7566A9E8-AD0A-4457-B290-4F0C0E28CC89}.Release|x64.Build.0 = Release|x64
		{7566A9E8-AD0A-4457-B290-4F0C0E28CC89}.Release|x86.ActiveCfg = Release|Win32
		{7566A9E8-AD0A-4457-B290-4F0C0E28CC89}.Release|x86.Build.0 = Release|Win32
		{6B45A903-93F7-4AED-B4AB-90DD18672881}.Debug|x64.ActiveCfg = Debug|x64
		{6B45A903-93F7-4AED-B4AB-90DD18672881}.Debug|x64.Build.0 = Debug|x64
		{6B45A903-93F7-4AED-B4AB-90DD18672881}.Debug|x86.ActiveCfg = Debug|Win32
		{6B45A903-93F7-4AED-B4AB-90DD18672881}.Debug|x86.Build.0 = Debug|Win32
		{6B45A903-93F7-4AED-B4AB-90DD18672881}.Release|x64.ActiveCfg = Release|x64
		{6B45A903-93F7-4AED-B4AB-90DD18672881}.Release|x64.Build.0 = Release|x64
		{6B45A903-93F7-4AED-B4AB-90DD18672881}.Release|x86.ActiveCfg = Release|Win32
		{6B45A903-93F7-4AED-B4AB-90DD18672881}.Release|x86.Build.0 = Release|Win32
	EndGlobalSection
	GlobalSection(SolutionProperties) = preSolution
		HideSolutionNode = FALSE
	EndGlobalSection
	GlobalSection(ExtensibilityGlobals) = postSolution
		SolutionGuid = {9C36320D-DFBC-45AD-8874-7508C8022DDB}
	EndGlobalSection
EndGlobal
