
Microsoft Visual Studio Solution File, Format Version 12.00
# Visual Studio Version 17
VisualStudioVersion = 17.4.33103.184
MinimumVisualStudioVersion = 10.0.40219.1
Project("{8BC9CEB8-8B4A-11D0-8D11-00A0C91BC942}") = "cpp_02_Draw", "cpp_02_Draw\cpp_02_Draw.vcxproj", "{CCCFA09B-6105-4C49-971F-2F155FDB9287}"
EndProject
Project("{8BC9CEB8-8B4A-11D0-8D11-00A0C91BC942}") = "cpp_01_Text", "cpp_01_Text\cpp_ex.vcxproj", "{1954ED4B-D2AC-4956-84C1-5C80F41C4D96}"
EndProject
Project("{8BC9CEB8-8B4A-11D0-8D11-00A0C91BC942}") = "cpp_03_Message", "cpp_03_Message\cpp_03_Message.vcxproj", "{809FD43B-2E63-4597-9CC6-5EBF0660A7EB}"
EndProject
Project("{8BC9CEB8-8B4A-11D0-8D11-00A0C91BC942}") = "cpp_04_Mouse", "cpp_04_Mouse\cpp_04_Mouse.vcxproj", "{26FE2F06-C399-4DD4-9CFC-E7DD256014CF}"
EndProject
Global
	GlobalSection(SolutionConfigurationPlatforms) = preSolution
		Debug|x64 = Debug|x64
		Debug|x86 = Debug|x86
		Release|x64 = Release|x64
		Release|x86 = Release|x86
	EndGlobalSection
	GlobalSection(ProjectConfigurationPlatforms) = postSolution
		{CCCFA09B-6105-4C49-971F-2F155FDB9287}.Debug|x64.ActiveCfg = Debug|x64
		{CCCFA09B-6105-4C49-971F-2F155FDB9287}.Debug|x64.Build.0 = Debug|x64
		{CCCFA09B-6105-4C49-971F-2F155FDB9287}.Debug|x86.ActiveCfg = Debug|Win32
		{CCCFA09B-6105-4C49-971F-2F155FDB9287}.Debug|x86.Build.0 = Debug|Win32
		{CCCFA09B-6105-4C49-971F-2F155FDB9287}.Release|x64.ActiveCfg = Release|x64
		{CCCFA09B-6105-4C49-971F-2F155FDB9287}.Release|x64.Build.0 = Release|x64
		{CCCFA09B-6105-4C49-971F-2F155FDB9287}.Release|x86.ActiveCfg = Release|Win32
		{CCCFA09B-6105-4C49-971F-2F155FDB9287}.Release|x86.Build.0 = Release|Win32
		{1954ED4B-D2AC-4956-84C1-5C80F41C4D96}.Debug|x64.ActiveCfg = Debug|x64
		{1954ED4B-D2AC-4956-84C1-5C80F41C4D96}.Debug|x64.Build.0 = Debug|x64
		{1954ED4B-D2AC-4956-84C1-5C80F41C4D96}.Debug|x86.ActiveCfg = Debug|Win32
		{1954ED4B-D2AC-4956-84C1-5C80F41C4D96}.Debug|x86.Build.0 = Debug|Win32
		{1954ED4B-D2AC-4956-84C1-5C80F41C4D96}.Release|x64.ActiveCfg = Release|x64
		{1954ED4B-D2AC-4956-84C1-5C80F41C4D96}.Release|x64.Build.0 = Release|x64
		{1954ED4B-D2AC-4956-84C1-5C80F41C4D96}.Release|x86.ActiveCfg = Release|Win32
		{1954ED4B-D2AC-4956-84C1-5C80F41C4D96}.Release|x86.Build.0 = Release|Win32
		{809FD43B-2E63-4597-9CC6-5EBF0660A7EB}.Debug|x64.ActiveCfg = Debug|x64
		{809FD43B-2E63-4597-9CC6-5EBF0660A7EB}.Debug|x64.Build.0 = Debug|x64
		{809FD43B-2E63-4597-9CC6-5EBF0660A7EB}.Debug|x86.ActiveCfg = Debug|Win32
		{809FD43B-2E63-4597-9CC6-5EBF0660A7EB}.Debug|x86.Build.0 = Debug|Win32
		{809FD43B-2E63-4597-9CC6-5EBF0660A7EB}.Release|x64.ActiveCfg = Release|x64
		{809FD43B-2E63-4597-9CC6-5EBF0660A7EB}.Release|x64.Build.0 = Release|x64
		{809FD43B-2E63-4597-9CC6-5EBF0660A7EB}.Release|x86.ActiveCfg = Release|Win32
		{809FD43B-2E63-4597-9CC6-5EBF0660A7EB}.Release|x86.Build.0 = Release|Win32
		{26FE2F06-C399-4DD4-9CFC-E7DD256014CF}.Debug|x64.ActiveCfg = Debug|x64
		{26FE2F06-C399-4DD4-9CFC-E7DD256014CF}.Debug|x64.Build.0 = Debug|x64
		{26FE2F06-C399-4DD4-9CFC-E7DD256014CF}.Debug|x86.ActiveCfg = Debug|Win32
		{26FE2F06-C399-4DD4-9CFC-E7DD256014CF}.Debug|x86.Build.0 = Debug|Win32
		{26FE2F06-C399-4DD4-9CFC-E7DD256014CF}.Release|x64.ActiveCfg = Release|x64
		{26FE2F06-C399-4DD4-9CFC-E7DD256014CF}.Release|x64.Build.0 = Release|x64
		{26FE2F06-C399-4DD4-9CFC-E7DD256014CF}.Release|x86.ActiveCfg = Release|Win32
		{26FE2F06-C399-4DD4-9CFC-E7DD256014CF}.Release|x86.Build.0 = Release|Win32
	EndGlobalSection
	GlobalSection(SolutionProperties) = preSolution
		HideSolutionNode = FALSE
	EndGlobalSection
	GlobalSection(ExtensibilityGlobals) = postSolution
		SolutionGuid = {9C36320D-DFBC-45AD-8874-7508C8022DDB}
	EndGlobalSection
EndGlobal
